
Microsoft Visual Studio Solution File, Format Version 12.00
# Visual Studio 2012
Project("{FAE04EC0-301F-11D3-BF4B-00C04F79EFBC}") = "Automobiles", "Automobiles\Automobiles.csproj", "{7129FB58-76E8-4555-BA37-AB421795D704}"
EndProject
Global
	GlobalSection(SolutionConfigurationPlatforms) = preSolution
		Debug|x86 = Debug|x86
		Release|x86 = Release|x86
	EndGlobalSection
	GlobalSection(ProjectConfigurationPlatforms) = postSolution
		{7129FB58-76E8-4555-BA37-AB421795D704}.Debug|x86.ActiveCfg = Debug|x86
		{7129FB58-76E8-4555-BA37-AB421795D704}.Debug|x86.Build.0 = Debug|x86
		{7129FB58-76E8-4555-BA37-AB421795D704}.Release|x86.ActiveCfg = Release|x86
		{7129FB58-76E8-4555-BA37-AB421795D704}.Release|x86.Build.0 = Release|x86
	EndGlobalSection
EndGlobal
